
Microsoft Visual Studio Solution File, Format Version 12.00
# Visual Studio Version 16
VisualStudioVersion = 16.0.32126.315
MinimumVisualStudioVersion = 10.0.40219.1
Project("{FAE04EC0-301F-11D3-BF4B-00C04F79EFBC}") = "ExcellentResult", "ConsoleApp1\ExcellentResult.csproj", "{2478AF01-298D-4AD2-B5D4-C5800C3CBCAC}"
EndProject
Project("{FAE04EC0-301F-11D3-BF4B-00C04F79EFBC}") = "GreaterNumber", "GreaterNumber\GreaterNumber.csproj", "{C991F4B3-A297-401B-9380-6CCDFBD9F405}"
EndProject
Project("{FAE04EC0-301F-11D3-BF4B-00C04F79EFBC}") = "EvenOrOdd", "EvenOrOdd\EvenOrOdd.csproj", "{1DB91087-9FC1-42AC-ACE3-504263221858}"
EndProject
Project("{FAE04EC0-301F-11D3-BF4B-00C04F79EFBC}") = "GuessThePass", "GuessThePass\GuessThePass.csproj", "{FA4AA54E-F4E6-4F0E-899F-1EFF29228AA6}"
EndProject
Project("{FAE04EC0-301F-11D3-BF4B-00C04F79EFBC}") = "Num100To200", "Num100To200\Num100To200.csproj", "{2CEEE2A9-73CF-448A-88C5-82059B50F181}"
EndProject
Project("{FAE04EC0-301F-11D3-BF4B-00C04F79EFBC}") = "SpeedCheck", "SpeedCheck\SpeedCheck.csproj", "{4A43DBEB-D93F-4B2A-9396-6E042095014C}"
EndProject
Project("{FAE04EC0-301F-11D3-BF4B-00C04F79EFBC}") = "Figures", "Figures\Figures.csproj", "{66268C8C-6627-449E-A53D-401717306ADD}"
EndProject
Global
	GlobalSection(SolutionConfigurationPlatforms) = preSolution
		Debug|Any CPU = Debug|Any CPU
		Release|Any CPU = Release|Any CPU
	EndGlobalSection
	GlobalSection(ProjectConfigurationPlatforms) = postSolution
		{2478AF01-298D-4AD2-B5D4-C5800C3CBCAC}.Debug|Any CPU.ActiveCfg = Debug|Any CPU
		{2478AF01-298D-4AD2-B5D4-C5800C3CBCAC}.Debug|Any CPU.Build.0 = Debug|Any CPU
		{2478AF01-298D-4AD2-B5D4-C5800C3CBCAC}.Release|Any CPU.ActiveCfg = Release|Any CPU
		{2478AF01-298D-4AD2-B5D4-C5800C3CBCAC}.Release|Any CPU.Build.0 = Release|Any CPU
		{C991F4B3-A297-401B-9380-6CCDFBD9F405}.Debug|Any CPU.ActiveCfg = Debug|Any CPU
		{C991F4B3-A297-401B-9380-6CCDFBD9F405}.Debug|Any CPU.Build.0 = Debug|Any CPU
		{C991F4B3-A297-401B-9380-6CCDFBD9F405}.Release|Any CPU.ActiveCfg = Release|Any CPU
		{C991F4B3-A297-401B-9380-6CCDFBD9F405}.Release|Any CPU.Build.0 = Release|Any CPU
		{1DB91087-9FC1-42AC-ACE3-504263221858}.Debug|Any CPU.ActiveCfg = Debug|Any CPU
		{1DB91087-9FC1-42AC-ACE3-504263221858}.Debug|Any CPU.Build.0 = Debug|Any CPU
		{1DB91087-9FC1-42AC-ACE3-504263221858}.Release|Any CPU.ActiveCfg = Release|Any CPU
		{1DB91087-9FC1-42AC-ACE3-504263221858}.Release|Any CPU.Build.0 = Release|Any CPU
		{FA4AA54E-F4E6-4F0E-899F-1EFF29228AA6}.Debug|Any CPU.ActiveCfg = Debug|Any CPU
		{FA4AA54E-F4E6-4F0E-899F-1EFF29228AA6}.Debug|Any CPU.Build.0 = Debug|Any CPU
		{FA4AA54E-F4E6-4F0E-899F-1EFF29228AA6}.Release|Any CPU.ActiveCfg = Release|Any CPU
		{FA4AA54E-F4E6-4F0E-899F-1EFF29228AA6}.Release|Any CPU.Build.0 = Release|Any CPU
		{2CEEE2A9-73CF-448A-88C5-82059B50F181}.Debug|Any CPU.ActiveCfg = Debug|Any CPU
		{2CEEE2A9-73CF-448A-88C5-82059B50F181}.Debug|Any CPU.Build.0 = Debug|Any CPU
		{2CEEE2A9-73CF-448A-88C5-82059B50F181}.Release|Any CPU.ActiveCfg = Release|Any CPU
		{2CEEE2A9-73CF-448A-88C5-82059B50F181}.Release|Any CPU.Build.0 = Release|Any CPU
		{4A43DBEB-D93F-4B2A-9396-6E042095014C}.Debug|Any CPU.ActiveCfg = Debug|Any CPU
		{4A43DBEB-D93F-4B2A-9396-6E042095014C}.Debug|Any CPU.Build.0 = Debug|Any CPU
		{4A43DBEB-D93F-4B2A-9396-6E042095014C}.Release|Any CPU.ActiveCfg = Release|Any CPU
		{4A43DBEB-D93F-4B2A-9396-6E042095014C}.Release|Any CPU.Build.0 = Release|Any CPU
		{66268C8C-6627-449E-A53D-401717306ADD}.Debug|Any CPU.ActiveCfg = Debug|Any CPU
		{66268C8C-6627-449E-A53D-401717306ADD}.Debug|Any CPU.Build.0 = Debug|Any CPU
		{66268C8C-6627-449E-A53D-401717306ADD}.Release|Any CPU.ActiveCfg = Release|Any CPU
		{66268C8C-6627-449E-A53D-401717306ADD}.Release|Any CPU.Build.0 = Release|Any CPU
	EndGlobalSection
	GlobalSection(SolutionProperties) = preSolution
		HideSolutionNode = FALSE
	EndGlobalSection
	GlobalSection(ExtensibilityGlobals) = postSolution
		SolutionGuid = {77FEEB38-B186-4446-B25E-DD8F434147DB}
	EndGlobalSection
EndGlobal
