
Microsoft Visual Studio Solution File, Format Version 12.00
# Visual Studio Version 16
VisualStudioVersion = 16.0.32126.315
MinimumVisualStudioVersion = 10.0.40219.1
Project("{9A19103F-16F7-4668-BE54-9A1E7A4F7556}") = "OldLibrary", "OldLibrary\OldLibrary.csproj", "{4BC8F8E7-26FC-4731-B970-F4CC686B8F92}"
EndProject
Project("{9A19103F-16F7-4668-BE54-9A1E7A4F7556}") = "ExamPrep", "ExamPrep\ExamPrep.csproj", "{D642DA0D-E5B6-4F03-8FB5-EC9AFE9ED404}"
EndProject
Project("{9A19103F-16F7-4668-BE54-9A1E7A4F7556}") = "Vacation", "Vacation\Vacation.csproj", "{3C2F4485-9FEA-4DEE-80F6-67A5A7E7CFA6}"
EndProject
Project("{9A19103F-16F7-4668-BE54-9A1E7A4F7556}") = "Steps", "Steps\Steps.csproj", "{18EF69D6-E047-4A1D-8BAE-A2D7DAF92761}"
EndProject
Project("{9A19103F-16F7-4668-BE54-9A1E7A4F7556}") = "Coins", "Coins\Coins.csproj", "{CAC66470-A28A-4899-AD41-059F8EBC8C99}"
EndProject
Project("{9A19103F-16F7-4668-BE54-9A1E7A4F7556}") = "PieceOfCake", "PieceOfCake\PieceOfCake.csproj", "{985CA8BA-50A2-4280-A825-76DE65E7B144}"
EndProject
Project("{9A19103F-16F7-4668-BE54-9A1E7A4F7556}") = "Moving", "Moving\Moving.csproj", "{0FB9340F-EA99-4D97-A225-38D50B181AC3}"
EndProject
Project("{FAE04EC0-301F-11D3-BF4B-00C04F79EFBC}") = "1. Старата Библиотека", "1. Старата Библиотека\1. Старата Библиотека.csproj", "{805FDB4C-8A0B-454D-8963-909BE8E8F8CF}"
EndProject
Project("{FAE04EC0-301F-11D3-BF4B-00C04F79EFBC}") = "2. Подготовка за изпит", "2. Подготовка за изпит\2. Подготовка за изпит.csproj", "{F37CE15A-7C41-40D1-B8BB-883351828A21}"
EndProject
Project("{FAE04EC0-301F-11D3-BF4B-00C04F79EFBC}") = "3. Почивка_1", "3. Почивка_1\3. Почивка_1.csproj", "{DE114387-7893-4FE7-813E-800263F24AFB}"
EndProject
Project("{FAE04EC0-301F-11D3-BF4B-00C04F79EFBC}") = "4. Стъпки", "4. Стъпки\4. Стъпки.csproj", "{012D2B44-1C7D-40AC-8366-870796994D98}"
EndProject
Global
	GlobalSection(SolutionConfigurationPlatforms) = preSolution
		Debug|Any CPU = Debug|Any CPU
		Release|Any CPU = Release|Any CPU
	EndGlobalSection
	GlobalSection(ProjectConfigurationPlatforms) = postSolution
		{4BC8F8E7-26FC-4731-B970-F4CC686B8F92}.Debug|Any CPU.ActiveCfg = Debug|Any CPU
		{4BC8F8E7-26FC-4731-B970-F4CC686B8F92}.Debug|Any CPU.Build.0 = Debug|Any CPU
		{4BC8F8E7-26FC-4731-B970-F4CC686B8F92}.Release|Any CPU.ActiveCfg = Release|Any CPU
		{4BC8F8E7-26FC-4731-B970-F4CC686B8F92}.Release|Any CPU.Build.0 = Release|Any CPU
		{D642DA0D-E5B6-4F03-8FB5-EC9AFE9ED404}.Debug|Any CPU.ActiveCfg = Debug|Any CPU
		{D642DA0D-E5B6-4F03-8FB5-EC9AFE9ED404}.Debug|Any CPU.Build.0 = Debug|Any CPU
		{D642DA0D-E5B6-4F03-8FB5-EC9AFE9ED404}.Release|Any CPU.ActiveCfg = Release|Any CPU
		{D642DA0D-E5B6-4F03-8FB5-EC9AFE9ED404}.Release|Any CPU.Build.0 = Release|Any CPU
		{3C2F4485-9FEA-4DEE-80F6-67A5A7E7CFA6}.Debug|Any CPU.ActiveCfg = Debug|Any CPU
		{3C2F4485-9FEA-4DEE-80F6-67A5A7E7CFA6}.Debug|Any CPU.Build.0 = Debug|Any CPU
		{3C2F4485-9FEA-4DEE-80F6-67A5A7E7CFA6}.Release|Any CPU.ActiveCfg = Release|Any CPU
		{3C2F4485-9FEA-4DEE-80F6-67A5A7E7CFA6}.Release|Any CPU.Build.0 = Release|Any CPU
		{18EF69D6-E047-4A1D-8BAE-A2D7DAF92761}.Debug|Any CPU.ActiveCfg = Debug|Any CPU
		{18EF69D6-E047-4A1D-8BAE-A2D7DAF92761}.Debug|Any CPU.Build.0 = Debug|Any CPU
		{18EF69D6-E047-4A1D-8BAE-A2D7DAF92761}.Release|Any CPU.ActiveCfg = Release|Any CPU
		{18EF69D6-E047-4A1D-8BAE-A2D7DAF92761}.Release|Any CPU.Build.0 = Release|Any CPU
		{CAC66470-A28A-4899-AD41-059F8EBC8C99}.Debug|Any CPU.ActiveCfg = Debug|Any CPU
		{CAC66470-A28A-4899-AD41-059F8EBC8C99}.Debug|Any CPU.Build.0 = Debug|Any CPU
		{CAC66470-A28A-4899-AD41-059F8EBC8C99}.Release|Any CPU.ActiveCfg = Release|Any CPU
		{CAC66470-A28A-4899-AD41-059F8EBC8C99}.Release|Any CPU.Build.0 = Release|Any CPU
		{985CA8BA-50A2-4280-A825-76DE65E7B144}.Debug|Any CPU.ActiveCfg = Debug|Any CPU
		{985CA8BA-50A2-4280-A825-76DE65E7B144}.Debug|Any CPU.Build.0 = Debug|Any CPU
		{985CA8BA-50A2-4280-A825-76DE65E7B144}.Release|Any CPU.ActiveCfg = Release|Any CPU
		{985CA8BA-50A2-4280-A825-76DE65E7B144}.Release|Any CPU.Build.0 = Release|Any CPU
		{0FB9340F-EA99-4D97-A225-38D50B181AC3}.Debug|Any CPU.ActiveCfg = Debug|Any CPU
		{0FB9340F-EA99-4D97-A225-38D50B181AC3}.Debug|Any CPU.Build.0 = Debug|Any CPU
		{0FB9340F-EA99-4D97-A225-38D50B181AC3}.Release|Any CPU.ActiveCfg = Release|Any CPU
		{0FB9340F-EA99-4D97-A225-38D50B181AC3}.Release|Any CPU.Build.0 = Release|Any CPU
		{805FDB4C-8A0B-454D-8963-909BE8E8F8CF}.Debug|Any CPU.ActiveCfg = Debug|Any CPU
		{805FDB4C-8A0B-454D-8963-909BE8E8F8CF}.Debug|Any CPU.Build.0 = Debug|Any CPU
		{805FDB4C-8A0B-454D-8963-909BE8E8F8CF}.Release|Any CPU.ActiveCfg = Release|Any CPU
		{805FDB4C-8A0B-454D-8963-909BE8E8F8CF}.Release|Any CPU.Build.0 = Release|Any CPU
		{F37CE15A-7C41-40D1-B8BB-883351828A21}.Debug|Any CPU.ActiveCfg = Debug|Any CPU
		{F37CE15A-7C41-40D1-B8BB-883351828A21}.Debug|Any CPU.Build.0 = Debug|Any CPU
		{F37CE15A-7C41-40D1-B8BB-883351828A21}.Release|Any CPU.ActiveCfg = Release|Any CPU
		{F37CE15A-7C41-40D1-B8BB-883351828A21}.Release|Any CPU.Build.0 = Release|Any CPU
		{DE114387-7893-4FE7-813E-800263F24AFB}.Debug|Any CPU.ActiveCfg = Debug|Any CPU
		{DE114387-7893-4FE7-813E-800263F24AFB}.Debug|Any CPU.Build.0 = Debug|Any CPU
		{DE114387-7893-4FE7-813E-800263F24AFB}.Release|Any CPU.ActiveCfg = Release|Any CPU
		{DE114387-7893-4FE7-813E-800263F24AFB}.Release|Any CPU.Build.0 = Release|Any CPU
		{012D2B44-1C7D-40AC-8366-870796994D98}.Debug|Any CPU.ActiveCfg = Debug|Any CPU
		{012D2B44-1C7D-40AC-8366-870796994D98}.Debug|Any CPU.Build.0 = Debug|Any CPU
		{012D2B44-1C7D-40AC-8366-870796994D98}.Release|Any CPU.ActiveCfg = Release|Any CPU
		{012D2B44-1C7D-40AC-8366-870796994D98}.Release|Any CPU.Build.0 = Release|Any CPU
	EndGlobalSection
	GlobalSection(SolutionProperties) = preSolution
		HideSolutionNode = FALSE
	EndGlobalSection
	GlobalSection(ExtensibilityGlobals) = postSolution
		SolutionGuid = {444B3FD4-2627-47D1-A706-36B2D14E0B28}
	EndGlobalSection
EndGlobal
