
Microsoft Visual Studio Solution File, Format Version 12.00
# Visual Studio Version 16
VisualStudioVersion = 16.0.32126.315
MinimumVisualStudioVersion = 10.0.40219.1
Project("{FAE04EC0-301F-11D3-BF4B-00C04F79EFBC}") = "Lab", "Lab\Lab.csproj", "{C94996D0-EDA3-4D7E-B164-EB75BB38FD6A}"
EndProject
Project("{FAE04EC0-301F-11D3-BF4B-00C04F79EFBC}") = "zadacha6", "zadacha6\zadacha6.csproj", "{9ACC19A1-3CE0-43B8-AF35-BA7DA3820C57}"
EndProject
Project("{FAE04EC0-301F-11D3-BF4B-00C04F79EFBC}") = "Architect", "Architect\Architect.csproj", "{3BA90855-CD40-43F1-A752-5CF9E2246D40}"
EndProject
Project("{FAE04EC0-301F-11D3-BF4B-00C04F79EFBC}") = "ZooShop", "ZooShop\ZooShop.csproj", "{0C0EE423-06DE-4047-B2E2-76914FE5B189}"
EndProject
Project("{FAE04EC0-301F-11D3-BF4B-00C04F79EFBC}") = "GreenYard", "GreenYard\GreenYard.csproj", "{484564E1-8CAB-4821-B299-DBDE207C195B}"
EndProject
Global
	GlobalSection(SolutionConfigurationPlatforms) = preSolution
		Debug|Any CPU = Debug|Any CPU
		Release|Any CPU = Release|Any CPU
	EndGlobalSection
	GlobalSection(ProjectConfigurationPlatforms) = postSolution
		{C94996D0-EDA3-4D7E-B164-EB75BB38FD6A}.Debug|Any CPU.ActiveCfg = Debug|Any CPU
		{C94996D0-EDA3-4D7E-B164-EB75BB38FD6A}.Debug|Any CPU.Build.0 = Debug|Any CPU
		{C94996D0-EDA3-4D7E-B164-EB75BB38FD6A}.Release|Any CPU.ActiveCfg = Release|Any CPU
		{C94996D0-EDA3-4D7E-B164-EB75BB38FD6A}.Release|Any CPU.Build.0 = Release|Any CPU
		{9ACC19A1-3CE0-43B8-AF35-BA7DA3820C57}.Debug|Any CPU.ActiveCfg = Debug|Any CPU
		{9ACC19A1-3CE0-43B8-AF35-BA7DA3820C57}.Debug|Any CPU.Build.0 = Debug|Any CPU
		{9ACC19A1-3CE0-43B8-AF35-BA7DA3820C57}.Release|Any CPU.ActiveCfg = Release|Any CPU
		{9ACC19A1-3CE0-43B8-AF35-BA7DA3820C57}.Release|Any CPU.Build.0 = Release|Any CPU
		{3BA90855-CD40-43F1-A752-5CF9E2246D40}.Debug|Any CPU.ActiveCfg = Debug|Any CPU
		{3BA90855-CD40-43F1-A752-5CF9E2246D40}.Debug|Any CPU.Build.0 = Debug|Any CPU
		{3BA90855-CD40-43F1-A752-5CF9E2246D40}.Release|Any CPU.ActiveCfg = Release|Any CPU
		{3BA90855-CD40-43F1-A752-5CF9E2246D40}.Release|Any CPU.Build.0 = Release|Any CPU
		{0C0EE423-06DE-4047-B2E2-76914FE5B189}.Debug|Any CPU.ActiveCfg = Debug|Any CPU
		{0C0EE423-06DE-4047-B2E2-76914FE5B189}.Debug|Any CPU.Build.0 = Debug|Any CPU
		{0C0EE423-06DE-4047-B2E2-76914FE5B189}.Release|Any CPU.ActiveCfg = Release|Any CPU
		{0C0EE423-06DE-4047-B2E2-76914FE5B189}.Release|Any CPU.Build.0 = Release|Any CPU
		{484564E1-8CAB-4821-B299-DBDE207C195B}.Debug|Any CPU.ActiveCfg = Debug|Any CPU
		{484564E1-8CAB-4821-B299-DBDE207C195B}.Debug|Any CPU.Build.0 = Debug|Any CPU
		{484564E1-8CAB-4821-B299-DBDE207C195B}.Release|Any CPU.ActiveCfg = Release|Any CPU
		{484564E1-8CAB-4821-B299-DBDE207C195B}.Release|Any CPU.Build.0 = Release|Any CPU
	EndGlobalSection
	GlobalSection(SolutionProperties) = preSolution
		HideSolutionNode = FALSE
	EndGlobalSection
	GlobalSection(ExtensibilityGlobals) = postSolution
		SolutionGuid = {954ACC66-4B71-40AB-A9A7-D64EDED4B4C0}
	EndGlobalSection
EndGlobal
