
Microsoft Visual Studio Solution File, Format Version 12.00
# Visual Studio Version 16
VisualStudioVersion = 16.0.32126.315
MinimumVisualStudioVersion = 10.0.40219.1
Project("{FAE04EC0-301F-11D3-BF4B-00C04F79EFBC}") = "ReadingWords", "ReadingWords\ReadingWords.csproj", "{4DC3F568-9060-4E13-9577-69126D67DE12}"
EndProject
Project("{FAE04EC0-301F-11D3-BF4B-00C04F79EFBC}") = "PassCheck", "PassCheck\PassCheck.csproj", "{4356E45D-6B92-4110-8008-BF6C24D46CC5}"
EndProject
Project("{FAE04EC0-301F-11D3-BF4B-00C04F79EFBC}") = "SumOfNumbers", "SumOfNumbers\SumOfNumbers.csproj", "{FD62CD0C-8AC5-4E77-A063-13EA969783EA}"
EndProject
Project("{FAE04EC0-301F-11D3-BF4B-00C04F79EFBC}") = "2k+1", "2k+1\2k+1.csproj", "{45F95682-815D-48D9-9709-B60650BB24A6}"
EndProject
Project("{FAE04EC0-301F-11D3-BF4B-00C04F79EFBC}") = "BankAccount", "BankAccount\BankAccount.csproj", "{3B825432-772D-43C3-9680-E3221260FAFD}"
EndProject
Project("{FAE04EC0-301F-11D3-BF4B-00C04F79EFBC}") = "MaxNumber", "MaxNumber\MaxNumber.csproj", "{AC75D381-0328-418C-B342-8C597DFF407C}"
EndProject
Project("{FAE04EC0-301F-11D3-BF4B-00C04F79EFBC}") = "MinNumber", "MinNumber\MinNumber.csproj", "{CD9A856C-F145-4A77-B299-9B581B37EA56}"
EndProject
Project("{FAE04EC0-301F-11D3-BF4B-00C04F79EFBC}") = "Graduation", "Graduation\Graduation.csproj", "{4BBEAF13-9DB0-4A3C-B1A1-63EE0D6CB262}"
EndProject
Global
	GlobalSection(SolutionConfigurationPlatforms) = preSolution
		Debug|Any CPU = Debug|Any CPU
		Release|Any CPU = Release|Any CPU
	EndGlobalSection
	GlobalSection(ProjectConfigurationPlatforms) = postSolution
		{4DC3F568-9060-4E13-9577-69126D67DE12}.Debug|Any CPU.ActiveCfg = Debug|Any CPU
		{4DC3F568-9060-4E13-9577-69126D67DE12}.Debug|Any CPU.Build.0 = Debug|Any CPU
		{4DC3F568-9060-4E13-9577-69126D67DE12}.Release|Any CPU.ActiveCfg = Release|Any CPU
		{4DC3F568-9060-4E13-9577-69126D67DE12}.Release|Any CPU.Build.0 = Release|Any CPU
		{4356E45D-6B92-4110-8008-BF6C24D46CC5}.Debug|Any CPU.ActiveCfg = Debug|Any CPU
		{4356E45D-6B92-4110-8008-BF6C24D46CC5}.Debug|Any CPU.Build.0 = Debug|Any CPU
		{4356E45D-6B92-4110-8008-BF6C24D46CC5}.Release|Any CPU.ActiveCfg = Release|Any CPU
		{4356E45D-6B92-4110-8008-BF6C24D46CC5}.Release|Any CPU.Build.0 = Release|Any CPU
		{FD62CD0C-8AC5-4E77-A063-13EA969783EA}.Debug|Any CPU.ActiveCfg = Debug|Any CPU
		{FD62CD0C-8AC5-4E77-A063-13EA969783EA}.Debug|Any CPU.Build.0 = Debug|Any CPU
		{FD62CD0C-8AC5-4E77-A063-13EA969783EA}.Release|Any CPU.ActiveCfg = Release|Any CPU
		{FD62CD0C-8AC5-4E77-A063-13EA969783EA}.Release|Any CPU.Build.0 = Release|Any CPU
		{45F95682-815D-48D9-9709-B60650BB24A6}.Debug|Any CPU.ActiveCfg = Debug|Any CPU
		{45F95682-815D-48D9-9709-B60650BB24A6}.Debug|Any CPU.Build.0 = Debug|Any CPU
		{45F95682-815D-48D9-9709-B60650BB24A6}.Release|Any CPU.ActiveCfg = Release|Any CPU
		{45F95682-815D-48D9-9709-B60650BB24A6}.Release|Any CPU.Build.0 = Release|Any CPU
		{3B825432-772D-43C3-9680-E3221260FAFD}.Debug|Any CPU.ActiveCfg = Debug|Any CPU
		{3B825432-772D-43C3-9680-E3221260FAFD}.Debug|Any CPU.Build.0 = Debug|Any CPU
		{3B825432-772D-43C3-9680-E3221260FAFD}.Release|Any CPU.ActiveCfg = Release|Any CPU
		{3B825432-772D-43C3-9680-E3221260FAFD}.Release|Any CPU.Build.0 = Release|Any CPU
		{AC75D381-0328-418C-B342-8C597DFF407C}.Debug|Any CPU.ActiveCfg = Debug|Any CPU
		{AC75D381-0328-418C-B342-8C597DFF407C}.Debug|Any CPU.Build.0 = Debug|Any CPU
		{AC75D381-0328-418C-B342-8C597DFF407C}.Release|Any CPU.ActiveCfg = Release|Any CPU
		{AC75D381-0328-418C-B342-8C597DFF407C}.Release|Any CPU.Build.0 = Release|Any CPU
		{CD9A856C-F145-4A77-B299-9B581B37EA56}.Debug|Any CPU.ActiveCfg = Debug|Any CPU
		{CD9A856C-F145-4A77-B299-9B581B37EA56}.Debug|Any CPU.Build.0 = Debug|Any CPU
		{CD9A856C-F145-4A77-B299-9B581B37EA56}.Release|Any CPU.ActiveCfg = Release|Any CPU
		{CD9A856C-F145-4A77-B299-9B581B37EA56}.Release|Any CPU.Build.0 = Release|Any CPU
		{4BBEAF13-9DB0-4A3C-B1A1-63EE0D6CB262}.Debug|Any CPU.ActiveCfg = Debug|Any CPU
		{4BBEAF13-9DB0-4A3C-B1A1-63EE0D6CB262}.Debug|Any CPU.Build.0 = Debug|Any CPU
		{4BBEAF13-9DB0-4A3C-B1A1-63EE0D6CB262}.Release|Any CPU.ActiveCfg = Release|Any CPU
		{4BBEAF13-9DB0-4A3C-B1A1-63EE0D6CB262}.Release|Any CPU.Build.0 = Release|Any CPU
	EndGlobalSection
	GlobalSection(SolutionProperties) = preSolution
		HideSolutionNode = FALSE
	EndGlobalSection
	GlobalSection(ExtensibilityGlobals) = postSolution
		SolutionGuid = {77FB1A34-E798-40CD-AB7B-C32795FF86D4}
	EndGlobalSection
EndGlobal
