
Microsoft Visual Studio Solution File, Format Version 12.00
# Visual Studio Version 16
VisualStudioVersion = 16.0.32126.315
MinimumVisualStudioVersion = 10.0.40219.1
Project("{FAE04EC0-301F-11D3-BF4B-00C04F79EFBC}") = "ConsoleApp1", "ConsoleApp1\ConsoleApp1.csproj", "{D50FE9A3-3172-4FC7-8651-EC33F8C5561B}"
EndProject
Global
	GlobalSection(SolutionConfigurationPlatforms) = preSolution
		Debug|Any CPU = Debug|Any CPU
		Release|Any CPU = Release|Any CPU
	EndGlobalSection
	GlobalSection(ProjectConfigurationPlatforms) = postSolution
		{D50FE9A3-3172-4FC7-8651-EC33F8C5561B}.Debug|Any CPU.ActiveCfg = Debug|Any CPU
		{D50FE9A3-3172-4FC7-8651-EC33F8C5561B}.Debug|Any CPU.Build.0 = Debug|Any CPU
		{D50FE9A3-3172-4FC7-8651-EC33F8C5561B}.Release|Any CPU.ActiveCfg = Release|Any CPU
		{D50FE9A3-3172-4FC7-8651-EC33F8C5561B}.Release|Any CPU.Build.0 = Release|Any CPU
	EndGlobalSection
	GlobalSection(SolutionProperties) = preSolution
		HideSolutionNode = FALSE
	EndGlobalSection
	GlobalSection(ExtensibilityGlobals) = postSolution
		SolutionGuid = {2DCBAF0C-A928-4E6C-8CB4-F285D0D15DB9}
	EndGlobalSection
EndGlobal
