
Microsoft Visual Studio Solution File, Format Version 12.00
# Visual Studio Version 16
VisualStudioVersion = 16.0.32126.315
MinimumVisualStudioVersion = 10.0.40219.1
Project("{9A19103F-16F7-4668-BE54-9A1E7A4F7556}") = "Num1to100", "Num1to100\Num1to100.csproj", "{34202125-EE02-4247-8A25-F868024EBBEA}"
EndProject
Project("{9A19103F-16F7-4668-BE54-9A1E7A4F7556}") = "NumsNto1", "NumsNto1\NumsNto1.csproj", "{715AB7EE-2473-439B-BD58-F30712FC4B6E}"
EndProject
Project("{9A19103F-16F7-4668-BE54-9A1E7A4F7556}") = "Nums1toNby3", "Nums1toNby3\Nums1toNby3.csproj", "{865DA63D-A05B-4310-AA2D-8B6750927343}"
EndProject
Project("{9A19103F-16F7-4668-BE54-9A1E7A4F7556}") = "EvenPowOf2", "EvenPowOf2\EvenPowOf2.csproj", "{35640FB9-B253-4469-8C4C-3AAFFEDC2427}"
EndProject
Project("{9A19103F-16F7-4668-BE54-9A1E7A4F7556}") = "CharSequence", "CharSequence\CharSequence.csproj", "{41E79AC7-72A0-4EF4-9C74-738A3169C432}"
EndProject
Project("{9A19103F-16F7-4668-BE54-9A1E7A4F7556}") = "VowLetters", "VowLetters\VowLetters.csproj", "{6DBB2570-B60E-4D40-B56D-0F4BA9E60D6A}"
EndProject
Project("{9A19103F-16F7-4668-BE54-9A1E7A4F7556}") = "AddingNumbers", "AddingNumbers\AddingNumbers.csproj", "{D20A8DD6-594D-41CE-B9B2-669A4D92DD61}"
EndProject
Project("{9A19103F-16F7-4668-BE54-9A1E7A4F7556}") = "BiggerLowerNum", "BiggerLowerNum\BiggerLowerNum.csproj", "{AA96392A-D96D-4561-B7BE-ECA01D8F4FC2}"
EndProject
Project("{FAE04EC0-301F-11D3-BF4B-00C04F79EFBC}") = "LeftSumRightSum", "LeftSumRightSum\LeftSumRightSum.csproj", "{A66EF160-B7B3-4435-A0F7-6E1A6E88F13C}"
EndProject
Project("{FAE04EC0-301F-11D3-BF4B-00C04F79EFBC}") = "OddEvenSum", "OddEvenSum\OddEvenSum.csproj", "{0509DB31-7E90-4A84-B031-49EF6142D8C8}"
EndProject
Project("{FAE04EC0-301F-11D3-BF4B-00C04F79EFBC}") = "OddEvenResultDjudj", "OddEvenResultDjudj\OddEvenResultDjudj.csproj", "{DD93D897-7EF9-4D6F-9A50-E91D76903450}"
EndProject
Global
	GlobalSection(SolutionConfigurationPlatforms) = preSolution
		Debug|Any CPU = Debug|Any CPU
		Release|Any CPU = Release|Any CPU
	EndGlobalSection
	GlobalSection(ProjectConfigurationPlatforms) = postSolution
		{34202125-EE02-4247-8A25-F868024EBBEA}.Debug|Any CPU.ActiveCfg = Debug|Any CPU
		{34202125-EE02-4247-8A25-F868024EBBEA}.Debug|Any CPU.Build.0 = Debug|Any CPU
		{34202125-EE02-4247-8A25-F868024EBBEA}.Release|Any CPU.ActiveCfg = Release|Any CPU
		{34202125-EE02-4247-8A25-F868024EBBEA}.Release|Any CPU.Build.0 = Release|Any CPU
		{715AB7EE-2473-439B-BD58-F30712FC4B6E}.Debug|Any CPU.ActiveCfg = Debug|Any CPU
		{715AB7EE-2473-439B-BD58-F30712FC4B6E}.Debug|Any CPU.Build.0 = Debug|Any CPU
		{715AB7EE-2473-439B-BD58-F30712FC4B6E}.Release|Any CPU.ActiveCfg = Release|Any CPU
		{715AB7EE-2473-439B-BD58-F30712FC4B6E}.Release|Any CPU.Build.0 = Release|Any CPU
		{865DA63D-A05B-4310-AA2D-8B6750927343}.Debug|Any CPU.ActiveCfg = Debug|Any CPU
		{865DA63D-A05B-4310-AA2D-8B6750927343}.Debug|Any CPU.Build.0 = Debug|Any CPU
		{865DA63D-A05B-4310-AA2D-8B6750927343}.Release|Any CPU.ActiveCfg = Release|Any CPU
		{865DA63D-A05B-4310-AA2D-8B6750927343}.Release|Any CPU.Build.0 = Release|Any CPU
		{35640FB9-B253-4469-8C4C-3AAFFEDC2427}.Debug|Any CPU.ActiveCfg = Debug|Any CPU
		{35640FB9-B253-4469-8C4C-3AAFFEDC2427}.Debug|Any CPU.Build.0 = Debug|Any CPU
		{35640FB9-B253-4469-8C4C-3AAFFEDC2427}.Release|Any CPU.ActiveCfg = Release|Any CPU
		{35640FB9-B253-4469-8C4C-3AAFFEDC2427}.Release|Any CPU.Build.0 = Release|Any CPU
		{41E79AC7-72A0-4EF4-9C74-738A3169C432}.Debug|Any CPU.ActiveCfg = Debug|Any CPU
		{41E79AC7-72A0-4EF4-9C74-738A3169C432}.Debug|Any CPU.Build.0 = Debug|Any CPU
		{41E79AC7-72A0-4EF4-9C74-738A3169C432}.Release|Any CPU.ActiveCfg = Release|Any CPU
		{41E79AC7-72A0-4EF4-9C74-738A3169C432}.Release|Any CPU.Build.0 = Release|Any CPU
		{6DBB2570-B60E-4D40-B56D-0F4BA9E60D6A}.Debug|Any CPU.ActiveCfg = Debug|Any CPU
		{6DBB2570-B60E-4D40-B56D-0F4BA9E60D6A}.Debug|Any CPU.Build.0 = Debug|Any CPU
		{6DBB2570-B60E-4D40-B56D-0F4BA9E60D6A}.Release|Any CPU.ActiveCfg = Release|Any CPU
		{6DBB2570-B60E-4D40-B56D-0F4BA9E60D6A}.Release|Any CPU.Build.0 = Release|Any CPU
		{D20A8DD6-594D-41CE-B9B2-669A4D92DD61}.Debug|Any CPU.ActiveCfg = Debug|Any CPU
		{D20A8DD6-594D-41CE-B9B2-669A4D92DD61}.Debug|Any CPU.Build.0 = Debug|Any CPU
		{D20A8DD6-594D-41CE-B9B2-669A4D92DD61}.Release|Any CPU.ActiveCfg = Release|Any CPU
		{D20A8DD6-594D-41CE-B9B2-669A4D92DD61}.Release|Any CPU.Build.0 = Release|Any CPU
		{AA96392A-D96D-4561-B7BE-ECA01D8F4FC2}.Debug|Any CPU.ActiveCfg = Debug|Any CPU
		{AA96392A-D96D-4561-B7BE-ECA01D8F4FC2}.Debug|Any CPU.Build.0 = Debug|Any CPU
		{AA96392A-D96D-4561-B7BE-ECA01D8F4FC2}.Release|Any CPU.ActiveCfg = Release|Any CPU
		{AA96392A-D96D-4561-B7BE-ECA01D8F4FC2}.Release|Any CPU.Build.0 = Release|Any CPU
		{A66EF160-B7B3-4435-A0F7-6E1A6E88F13C}.Debug|Any CPU.ActiveCfg = Debug|Any CPU
		{A66EF160-B7B3-4435-A0F7-6E1A6E88F13C}.Debug|Any CPU.Build.0 = Debug|Any CPU
		{A66EF160-B7B3-4435-A0F7-6E1A6E88F13C}.Release|Any CPU.ActiveCfg = Release|Any CPU
		{A66EF160-B7B3-4435-A0F7-6E1A6E88F13C}.Release|Any CPU.Build.0 = Release|Any CPU
		{0509DB31-7E90-4A84-B031-49EF6142D8C8}.Debug|Any CPU.ActiveCfg = Debug|Any CPU
		{0509DB31-7E90-4A84-B031-49EF6142D8C8}.Debug|Any CPU.Build.0 = Debug|Any CPU
		{0509DB31-7E90-4A84-B031-49EF6142D8C8}.Release|Any CPU.ActiveCfg = Release|Any CPU
		{0509DB31-7E90-4A84-B031-49EF6142D8C8}.Release|Any CPU.Build.0 = Release|Any CPU
		{DD93D897-7EF9-4D6F-9A50-E91D76903450}.Debug|Any CPU.ActiveCfg = Debug|Any CPU
		{DD93D897-7EF9-4D6F-9A50-E91D76903450}.Debug|Any CPU.Build.0 = Debug|Any CPU
		{DD93D897-7EF9-4D6F-9A50-E91D76903450}.Release|Any CPU.ActiveCfg = Release|Any CPU
		{DD93D897-7EF9-4D6F-9A50-E91D76903450}.Release|Any CPU.Build.0 = Release|Any CPU
	EndGlobalSection
	GlobalSection(SolutionProperties) = preSolution
		HideSolutionNode = FALSE
	EndGlobalSection
	GlobalSection(ExtensibilityGlobals) = postSolution
		SolutionGuid = {DDE170E7-8B6B-45F8-B182-6908B20C8D87}
	EndGlobalSection
EndGlobal
